
Microsoft Visual Studio Solution File, Format Version 12.00
# Visual Studio Version 17
VisualStudioVersion = 17.14.36705.20
MinimumVisualStudioVersion = 10.0.40219.1
Project("{2150E333-8FDC-42A3-9474-1A3956D46DE8}") = "src", "src", "{02EA681E-C7D8-13C7-8484-4AC65E1B71E8}"
EndProject
Project("{FAE04EC0-301F-11D3-BF4B-00C04F79EFBC}") = "AccountService.Api", "src\AccountService.Api\AccountService.Api.csproj", "{601C1E56-EDED-444A-924B-FED8785DA857}"
EndProject
Project("{FAE04EC0-301F-11D3-BF4B-00C04F79EFBC}") = "AccountService.Core", "src\AccountService.Core\AccountService.Core.csproj", "{B61695E6-2821-4436-93AC-D62AA3B52151}"
EndProject
Project("{FAE04EC0-301F-11D3-BF4B-00C04F79EFBC}") = "AccountService.Infrastructure", "src\AccountService.Infrastructure\AccountService.Infrastructure.csproj", "{3D2CF806-C370-4E5C-A58A-94BBFD946077}"
EndProject
Project("{2150E333-8FDC-42A3-9474-1A3956D46DE8}") = "tests", "tests", "{A9CEBFEA-247A-44A3-8CAE-178A1E09F386}"
EndProject
Project("{FAE04EC0-301F-11D3-BF4B-00C04F79EFBC}") = "AccountService.Api.Tests", "tests\AccountService.Api.Tests\AccountService.Api.Tests.csproj", "{CCD943AC-8C06-464A-A584-8D30CF30F48B}"
EndProject
Project("{FAE04EC0-301F-11D3-BF4B-00C04F79EFBC}") = "AccountService.Core.Tests", "tests\AccountService.Core.Tests\AccountService.Core.Tests.csproj", "{A4CF8797-F835-44D7-87B0-8825EE6589CA}"
EndProject
Project("{FAE04EC0-301F-11D3-BF4B-00C04F79EFBC}") = "AccountService.Infrastructure.Tests", "tests\AccountService.Infrastructure.Tests\AccountService.Infrastructure.Tests.csproj", "{4EE47803-3276-429C-B08E-740173889F22}"
EndProject
Project("{2150E333-8FDC-42A3-9474-1A3956D46DE8}") = "docker", "docker", "{F88387A1-6C7D-482E-B593-8980913AE660}"
	ProjectSection(SolutionItems) = preProject
		docker\Dockerfile = docker\Dockerfile
	EndProjectSection
EndProject
Global
	GlobalSection(SolutionConfigurationPlatforms) = preSolution
		Debug|Any CPU = Debug|Any CPU
		Release|Any CPU = Release|Any CPU
	EndGlobalSection
	GlobalSection(ProjectConfigurationPlatforms) = postSolution
		{601C1E56-EDED-444A-924B-FED8785DA857}.Debug|Any CPU.ActiveCfg = Debug|Any CPU
		{601C1E56-EDED-444A-924B-FED8785DA857}.Debug|Any CPU.Build.0 = Debug|Any CPU
		{601C1E56-EDED-444A-924B-FED8785DA857}.Release|Any CPU.ActiveCfg = Release|Any CPU
		{601C1E56-EDED-444A-924B-FED8785DA857}.Release|Any CPU.Build.0 = Release|Any CPU
		{B61695E6-2821-4436-93AC-D62AA3B52151}.Debug|Any CPU.ActiveCfg = Debug|Any CPU
		{B61695E6-2821-4436-93AC-D62AA3B52151}.Debug|Any CPU.Build.0 = Debug|Any CPU
		{B61695E6-2821-4436-93AC-D62AA3B52151}.Release|Any CPU.ActiveCfg = Release|Any CPU
		{B61695E6-2821-4436-93AC-D62AA3B52151}.Release|Any CPU.Build.0 = Release|Any CPU
		{3D2CF806-C370-4E5C-A58A-94BBFD946077}.Debug|Any CPU.ActiveCfg = Debug|Any CPU
		{3D2CF806-C370-4E5C-A58A-94BBFD946077}.Debug|Any CPU.Build.0 = Debug|Any CPU
		{3D2CF806-C370-4E5C-A58A-94BBFD946077}.Release|Any CPU.ActiveCfg = Release|Any CPU
		{3D2CF806-C370-4E5C-A58A-94BBFD946077}.Release|Any CPU.Build.0 = Release|Any CPU
		{CCD943AC-8C06-464A-A584-8D30CF30F48B}.Debug|Any CPU.ActiveCfg = Debug|Any CPU
		{CCD943AC-8C06-464A-A584-8D30CF30F48B}.Debug|Any CPU.Build.0 = Debug|Any CPU
		{CCD943AC-8C06-464A-A584-8D30CF30F48B}.Release|Any CPU.ActiveCfg = Release|Any CPU
		{CCD943AC-8C06-464A-A584-8D30CF30F48B}.Release|Any CPU.Build.0 = Release|Any CPU
		{A4CF8797-F835-44D7-87B0-8825EE6589CA}.Debug|Any CPU.ActiveCfg = Debug|Any CPU
		{A4CF8797-F835-44D7-87B0-8825EE6589CA}.Debug|Any CPU.Build.0 = Debug|Any CPU
		{A4CF8797-F835-44D7-87B0-8825EE6589CA}.Release|Any CPU.ActiveCfg = Release|Any CPU
		{A4CF8797-F835-44D7-87B0-8825EE6589CA}.Release|Any CPU.Build.0 = Release|Any CPU
		{4EE47803-3276-429C-B08E-740173889F22}.Debug|Any CPU.ActiveCfg = Debug|Any CPU
		{4EE47803-3276-429C-B08E-740173889F22}.Debug|Any CPU.Build.0 = Debug|Any CPU
		{4EE47803-3276-429C-B08E-740173889F22}.Release|Any CPU.ActiveCfg = Release|Any CPU
		{4EE47803-3276-429C-B08E-740173889F22}.Release|Any CPU.Build.0 = Release|Any CPU
	EndGlobalSection
	GlobalSection(SolutionProperties) = preSolution
		HideSolutionNode = FALSE
	EndGlobalSection
	GlobalSection(NestedProjects) = preSolution
		{601C1E56-EDED-444A-924B-FED8785DA857} = {02EA681E-C7D8-13C7-8484-4AC65E1B71E8}
		{B61695E6-2821-4436-93AC-D62AA3B52151} = {02EA681E-C7D8-13C7-8484-4AC65E1B71E8}
		{3D2CF806-C370-4E5C-A58A-94BBFD946077} = {02EA681E-C7D8-13C7-8484-4AC65E1B71E8}
		{CCD943AC-8C06-464A-A584-8D30CF30F48B} = {A9CEBFEA-247A-44A3-8CAE-178A1E09F386}
		{A4CF8797-F835-44D7-87B0-8825EE6589CA} = {A9CEBFEA-247A-44A3-8CAE-178A1E09F386}
		{4EE47803-3276-429C-B08E-740173889F22} = {A9CEBFEA-247A-44A3-8CAE-178A1E09F386}
	EndGlobalSection
	GlobalSection(ExtensibilityGlobals) = postSolution
		SolutionGuid = {8B082118-578C-4657-9167-32A07EA15F1B}
	EndGlobalSection
EndGlobal
